// !$*UTF8*$!
{
	archiveVersion = 1;
	classes = {
	};
	objectVersion = 50;
	objects = {

/* Begin PBXBuildFile section */
		D9A7581624B76A290093AEE3 /* AppDelegate.swift in Sources */ = {isa = PBXBuildFile; fileRef = D9A7581524B76A290093AEE3 /* AppDelegate.swift */; };
		D9A7581824B76A290093AEE3 /* ViewController.swift in Sources */ = {isa = PBXBuildFile; fileRef = D9A7581724B76A290093AEE3 /* ViewController.swift */; };
		D9A7581B24B76A290093AEE3 /* Main.storyboard in Resources */ = {isa = PBXBuildFile; fileRef = D9A7581924B76A290093AEE3 /* Main.storyboard */; };
		D9A7581D24B76A320093AEE3 /* Assets.xcassets in Resources */ = {isa = PBXBuildFile; fileRef = D9A7581C24B76A320093AEE3 /* Assets.xcassets */; };
		D9A7582024B76A320093AEE3 /* LaunchScreen.storyboard in Resources */ = {isa = PBXBuildFile; fileRef = D9A7581E24B76A320093AEE3 /* LaunchScreen.storyboard */; };
		D9A7582B24B76A320093AEE3 /* tippyTests.swift in Sources */ = {isa = PBXBuildFile; fileRef = D9A7582A24B76A320093AEE3 /* tippyTests.swift */; };
		D9A7583624B76A320093AEE3 /* tippyUITests.swift in Sources */ = {isa = PBXBuildFile; fileRef = D9A7583524B76A320093AEE3 /* tippyUITests.swift */; };
/* End PBXBuildFile section */

/* Begin PBXContainerItemProxy section */
		D9A7582724B76A320093AEE3 /* PBXContainerItemProxy */ = {
			isa = PBXContainerItemProxy;
			containerPortal = D9A7580A24B76A290093AEE3 /* Project object */;
			proxyType = 1;
			remoteGlobalIDString = D9A7581124B76A290093AEE3;
			remoteInfo = tippy;
		};
		D9A7583224B76A320093AEE3 /* PBXContainerItemProxy */ = {
			isa = PBXContainerItemProxy;
			containerPortal = D9A7580A24B76A290093AEE3 /* Project object */;
			proxyType = 1;
			remoteGlobalIDString = D9A7581124B76A290093AEE3;
			remoteInfo = tippy;
		};
/* End PBXContainerItemProxy section */

/* Begin PBXFileReference section */
		D9A7581224B76A290093AEE3 /* tippy.app */ = {isa = PBXFileReference; explicitFileType = wrapper.application; includeInIndex = 0; path = tippy.app; sourceTree = BUILT_PRODUCTS_DIR; };
		D9A7581524B76A290093AEE3 /* AppDelegate.swift */ = {isa = PBXFileReference; lastKnownFileType = sourcecode.swift; path = AppDelegate.swift; sourceTree = "<group>"; };
		D9A7581724B76A290093AEE3 /* ViewController.swift */ = {isa = PBXFileReference; lastKnownFileType = sourcecode.swift; path = ViewController.swift; sourceTree = "<group>"; };
		D9A7581A24B76A290093AEE3 /* Base */ = {isa = PBXFileReference; lastKnownFileType = file.storyboard; name = Base; path = Base.lproj/Main.storyboard; sourceTree = "<group>"; };
		D9A7581C24B76A320093AEE3 /* Assets.xcassets */ = {isa = PBXFileReference; lastKnownFileType = folder.assetcatalog; path = Assets.xcassets; sourceTree = "<group>"; };
		D9A7581F24B76A320093AEE3 /* Base */ = {isa = PBXFileReference; lastKnownFileType = file.storyboard; name = Base; path = Base.lproj/LaunchScreen.storyboard; sourceTree = "<group>"; };
		D9A7582124B76A320093AEE3 /* Info.plist */ = {isa = PBXFileReference; lastKnownFileType = text.plist.xml; path = Info.plist; sourceTree = "<group>"; };
		D9A7582624B76A320093AEE3 /* tippyTests.xctest */ = {isa = PBXFileReference; explicitFileType = wrapper.cfbundle; includeInIndex = 0; path = tippyTests.xctest; sourceTree = BUILT_PRODUCTS_DIR; };
		D9A7582A24B76A320093AEE3 /* tippyTests.swift */ = {isa = PBXFileReference; lastKnownFileType = sourcecode.swift; path = tippyTests.swift; sourceTree = "<group>"; };
		D9A7582C24B76A320093AEE3 /* Info.plist */ = {isa = PBXFileReference; lastKnownFileType = text.plist.xml; path = Info.plist; sourceTree = "<group>"; };
		D9A7583124B76A320093AEE3 /* tippyUITests.xctest */ = {isa = PBXFileReference; explicitFileType = wrapper.cfbundle; includeInIndex = 0; path = tippyUITests.xctest; sourceTree = BUILT_PRODUCTS_DIR; };
		D9A7583524B76A320093AEE3 /* tippyUITests.swift */ = {isa = PBXFileReference; lastKnownFileType = sourcecode.swift; path = tippyUITests.swift; sourceTree = "<group>"; };
		D9A7583724B76A320093AEE3 /* Info.plist */ = {isa = PBXFileReference; lastKnownFileType = text.plist.xml; path = Info.plist; sourceTree = "<group>"; };
/* End PBXFileReference section */

/* Begin PBXFrameworksBuildPhase section */
		D9A7580F24B76A290093AEE3 /* Frameworks */ = {
			isa = PBXFrameworksBuildPhase;
			buildActionMask = 2147483647;
			files = (
			);
			runOnlyForDeploymentPostprocessing = 0;
		};
		D9A7582324B76A320093AEE3 /* Frameworks */ = {
			isa = PBXFrameworksBuildPhase;
			buildActionMask = 2147483647;
			files = (
			);
			runOnlyForDeploymentPostprocessing = 0;
		};
		D9A7582E24B76A320093AEE3 /* Frameworks */ = {
			isa = PBXFrameworksBuildPhase;
			buildActionMask = 2147483647;
			files = (
			);
			runOnlyForDeploymentPostprocessing = 0;
		};
/* End PBXFrameworksBuildPhase section */

/* Begin PBXGroup section */
		D9A7580924B76A290093AEE3 = {
			isa = PBXGroup;
			children = (
				D9A7581424B76A290093AEE3 /* tippy */,
				D9A7582924B76A320093AEE3 /* tippyTests */,
				D9A7583424B76A320093AEE3 /* tippyUITests */,
				D9A7581324B76A290093AEE3 /* Products */,
			);
			sourceTree = "<group>";
		};
		D9A7581324B76A290093AEE3 /* Products */ = {
			isa = PBXGroup;
			children = (
				D9A7581224B76A290093AEE3 /* tippy.app */,
				D9A7582624B76A320093AEE3 /* tippyTests.xctest */,
				D9A7583124B76A320093AEE3 /* tippyUITests.xctest */,
			);
			name = Products;
			sourceTree = "<group>";
		};
		D9A7581424B76A290093AEE3 /* tippy */ = {
			isa = PBXGroup;
			children = (
				D9A7581524B76A290093AEE3 /* AppDelegate.swift */,
				D9A7581724B76A290093AEE3 /* ViewController.swift */,
				D9A7581924B76A290093AEE3 /* Main.storyboard */,
				D9A7581C24B76A320093AEE3 /* Assets.xcassets */,
				D9A7581E24B76A320093AEE3 /* LaunchScreen.storyboard */,
				D9A7582124B76A320093AEE3 /* Info.plist */,
			);
			path = tippy;
			sourceTree = "<group>";
		};
		D9A7582924B76A320093AEE3 /* tippyTests */ = {
			isa = PBXGroup;
			children = (
				D9A7582A24B76A320093AEE3 /* tippyTests.swift */,
				D9A7582C24B76A320093AEE3 /* Info.plist */,
			);
			path = tippyTests;
			sourceTree = "<group>";
		};
		D9A7583424B76A320093AEE3 /* tippyUITests */ = {
			isa = PBXGroup;
			children = (
				D9A7583524B76A320093AEE3 /* tippyUITests.swift */,
				D9A7583724B76A320093AEE3 /* Info.plist */,
			);
			path = tippyUITests;
			sourceTree = "<group>";
		};
/* End PBXGroup section */

/* Begin PBXNativeTarget section */
		D9A7581124B76A290093AEE3 /* tippy */ = {
			isa = PBXNativeTarget;
			buildConfigurationList = D9A7583A24B76A320093AEE3 /* Build configuration list for PBXNativeTarget "tippy" */;
			buildPhases = (
				D9A7580E24B76A290093AEE3 /* Sources */,
				D9A7580F24B76A290093AEE3 /* Frameworks */,
				D9A7581024B76A290093AEE3 /* Resources */,
			);
			buildRules = (
			);
			dependencies = (
			);
			name = tippy;
			productName = tippy;
			productReference = D9A7581224B76A290093AEE3 /* tippy.app */;
			productType = "com.apple.product-type.application";
		};
		D9A7582524B76A320093AEE3 /* tippyTests */ = {
			isa = PBXNativeTarget;
			buildConfigurationList = D9A7583D24B76A320093AEE3 /* Build configuration list for PBXNativeTarget "tippyTests" */;
			buildPhases = (
				D9A7582224B76A320093AEE3 /* Sources */,
				D9A7582324B76A320093AEE3 /* Frameworks */,
				D9A7582424B76A320093AEE3 /* Resources */,
			);
			buildRules = (
			);
			dependencies = (
				D9A7582824B76A320093AEE3 /* PBXTargetDependency */,
			);
			name = tippyTests;
			productName = tippyTests;
			productReference = D9A7582624B76A320093AEE3 /* tippyTests.xctest */;
			productType = "com.apple.product-type.bundle.unit-test";
		};
		D9A7583024B76A320093AEE3 /* tippyUITests */ = {
			isa = PBXNativeTarget;
			buildConfigurationList = D9A7584024B76A320093AEE3 /* Build configuration list for PBXNativeTarget "tippyUITests" */;
			buildPhases = (
				D9A7582D24B76A320093AEE3 /* Sources */,
				D9A7582E24B76A320093AEE3 /* Frameworks */,
				D9A7582F24B76A320093AEE3 /* Resources */,
			);
			buildRules = (
			);
			dependencies = (
				D9A7583324B76A320093AEE3 /* PBXTargetDependency */,
			);
			name = tippyUITests;
			productName = tippyUITests;
			productReference = D9A7583124B76A320093AEE3 /* tippyUITests.xctest */;
			productType = "com.apple.product-type.bundle.ui-testing";
		};
/* End PBXNativeTarget section */

/* Begin PBXProject section */
		D9A7580A24B76A290093AEE3 /* Project object */ = {
			isa = PBXProject;
			attributes = {
				LastSwiftUpdateCheck = 1000;
				LastUpgradeCheck = 1000;
				ORGANIZATIONNAME = "Richard Pham";
				TargetAttributes = {
					D9A7581124B76A290093AEE3 = {
						CreatedOnToolsVersion = 10.0;
					};
					D9A7582524B76A320093AEE3 = {
						CreatedOnToolsVersion = 10.0;
						TestTargetID = D9A7581124B76A290093AEE3;
					};
					D9A7583024B76A320093AEE3 = {
						CreatedOnToolsVersion = 10.0;
						TestTargetID = D9A7581124B76A290093AEE3;
					};
				};
			};
			buildConfigurationList = D9A7580D24B76A290093AEE3 /* Build configuration list for PBXProject "tippy" */;
			compatibilityVersion = "Xcode 9.3";
			developmentRegion = en;
			hasScannedForEncodings = 0;
			knownRegions = (
				en,
				Base,
			);
			mainGroup = D9A7580924B76A290093AEE3;
			productRefGroup = D9A7581324B76A290093AEE3 /* Products */;
			projectDirPath = "";
			projectRoot = "";
			targets = (
				D9A7581124B76A290093AEE3 /* tippy */,
				D9A7582524B76A320093AEE3 /* tippyTests */,
				D9A7583024B76A320093AEE3 /* tippyUITests */,
			);
		};
/* End PBXProject section */

/* Begin PBXResourcesBuildPhase section */
		D9A7581024B76A290093AEE3 /* Resources */ = {
			isa = PBXResourcesBuildPhase;
			buildActionMask = 2147483647;
			files = (
				D9A7582024B76A320093AEE3 /* LaunchScreen.storyboard in Resources */,
				D9A7581D24B76A320093AEE3 /* Assets.xcassets in Resources */,
				D9A7581B24B76A290093AEE3 /* Main.storyboard in Resources */,
			);
			runOnlyForDeploymentPostprocessing = 0;
		};
		D9A7582424B76A320093AEE3 /* Resources */ = {
			isa = PBXResourcesBuildPhase;
			buildActionMask = 2147483647;
			files = (
			);
			runOnlyForDeploymentPostprocessing = 0;
		};
		D9A7582F24B76A320093AEE3 /* Resources */ = {
			isa = PBXResourcesBuildPhase;
			buildActionMask = 2147483647;
			files = (
			);
			runOnlyForDeploymentPostprocessing = 0;
		};
/* End PBXResourcesBuildPhase section */

/* Begin PBXSourcesBuildPhase section */
		D9A7580E24B76A290093AEE3 /* Sources */ = {
			isa = PBXSourcesBuildPhase;
			buildActionMask = 2147483647;
			files = (
				D9A7581824B76A290093AEE3 /* ViewController.swift in Sources */,
				D9A7581624B76A290093AEE3 /* AppDelegate.swift in Sources */,
			);
			runOnlyForDeploymentPostprocessing = 0;
		};
		D9A7582224B76A320093AEE3 /* Sources */ = {
			isa = PBXSourcesBuildPhase;
			buildActionMask = 2147483647;
			files = (
				D9A7582B24B76A320093AEE3 /* tippyTests.swift in Sources */,
			);
			runOnlyForDeploymentPostprocessing = 0;
		};
		D9A7582D24B76A320093AEE3 /* Sources */ = {
			isa = PBXSourcesBuildPhase;
			buildActionMask = 2147483647;
			files = (
				D9A7583624B76A320093AEE3 /* tippyUITests.swift in Sources */,
			);
			runOnlyForDeploymentPostprocessing = 0;
		};
/* End PBXSourcesBuildPhase section */

/* Begin PBXTargetDependency section */
		D9A7582824B76A320093AEE3 /* PBXTargetDependency */ = {
			isa = PBXTargetDependency;
			target = D9A7581124B76A290093AEE3 /* tippy */;
			targetProxy = D9A7582724B76A320093AEE3 /* PBXContainerItemProxy */;
		};
		D9A7583324B76A320093AEE3 /* PBXTargetDependency */ = {
			isa = PBXTargetDependency;
			target = D9A7581124B76A290093AEE3 /* tippy */;
			targetProxy = D9A7583224B76A320093AEE3 /* PBXContainerItemProxy */;
		};
/* End PBXTargetDependency section */

/* Begin PBXVariantGroup section */
		D9A7581924B76A290093AEE3 /* Main.storyboard */ = {
			isa = PBXVariantGroup;
			children = (
				D9A7581A24B76A290093AEE3 /* Base */,
			);
			name = Main.storyboard;
			sourceTree = "<group>";
		};
		D9A7581E24B76A320093AEE3 /* LaunchScreen.storyboard */ = {
			isa = PBXVariantGroup;
			children = (
				D9A7581F24B76A320093AEE3 /* Base */,
			);
			name = LaunchScreen.storyboard;
			sourceTree = "<group>";
		};
/* End PBXVariantGroup section */

/* Begin XCBuildConfiguration section */
		D9A7583824B76A320093AEE3 /* Debug */ = {
			isa = XCBuildConfiguration;
			buildSettings = {
				ALWAYS_SEARCH_USER_PATHS = NO;
				CLANG_ANALYZER_NONNULL = YES;
				CLANG_ANALYZER_NUMBER_OBJECT_CONVERSION = YES_AGGRESSIVE;
				CLANG_CXX_LANGUAGE_STANDARD = "gnu++14";
				CLANG_CXX_LIBRARY = "libc++";
				CLANG_ENABLE_MODULES = YES;
				CLANG_ENABLE_OBJC_ARC = YES;
				CLANG_ENABLE_OBJC_WEAK = YES;
				CLANG_WARN_BLOCK_CAPTURE_AUTORELEASING = YES;
				CLANG_WARN_BOOL_CONVERSION = YES;
				CLANG_WARN_COMMA = YES;
				CLANG_WARN_CONSTANT_CONVERSION = YES;
				CLANG_WARN_DEPRECATED_OBJC_IMPLEMENTATIONS = YES;
				CLANG_WARN_DIRECT_OBJC_ISA_USAGE = YES_ERROR;
				CLANG_WARN_DOCUMENTATION_COMMENTS = YES;
				CLANG_WARN_EMPTY_BODY = YES;
				CLANG_WARN_ENUM_CONVERSION = YES;
				CLANG_WARN_INFINITE_RECURSION = YES;
				CLANG_WARN_INT_CONVERSION = YES;
				CLANG_WARN_NON_LITERAL_NULL_CONVERSION = YES;
				CLANG_WARN_OBJC_IMPLICIT_RETAIN_SELF = YES;
				CLANG_WARN_OBJC_LITERAL_CONVERSION = YES;
				CLANG_WARN_OBJC_ROOT_CLASS = YES_ERROR;
				CLANG_WARN_RANGE_LOOP_ANALYSIS = YES;
				CLANG_WARN_STRICT_PROTOTYPES = YES;
				CLANG_WARN_SUSPICIOUS_MOVE = YES;
				CLANG_WARN_UNGUARDED_AVAILABILITY = YES_AGGRESSIVE;
				CLANG_WARN_UNREACHABLE_CODE = YES;
				CLANG_WARN__DUPLICATE_METHOD_MATCH = YES;
				CODE_SIGN_IDENTITY = "iPhone Developer";
				COPY_PHASE_STRIP = NO;
				DEBUG_INFORMATION_FORMAT = dwarf;
				ENABLE_STRICT_OBJC_MSGSEND = YES;
				ENABLE_TESTABILITY = YES;
				GCC_C_LANGUAGE_STANDARD = gnu11;
				GCC_DYNAMIC_NO_PIC = NO;
				GCC_NO_COMMON_BLOCKS = YES;
				GCC_OPTIMIZATION_LEVEL = 0;
				GCC_PREPROCESSOR_DEFINITIONS = (
					"DEBUG=1",
					"$(inherited)",
				);
				GCC_WARN_64_TO_32_BIT_CONVERSION = YES;
				GCC_WARN_ABOUT_RETURN_TYPE = YES_ERROR;
				GCC_WARN_UNDECLARED_SELECTOR = YES;
				GCC_WARN_UNINITIALIZED_AUTOS = YES_AGGRESSIVE;
				GCC_WARN_UNUSED_FUNCTION = YES;
				GCC_WARN_UNUSED_VARIABLE = YES;
				IPHONEOS_DEPLOYMENT_TARGET = 12.0;
				MTL_ENABLE_DEBUG_INFO = INCLUDE_SOURCE;
				MTL_FAST_MATH = YES;
				ONLY_ACTIVE_ARCH = YES;
				SDKROOT = iphoneos;
				SWIFT_ACTIVE_COMPILATION_CONDITIONS = DEBUG;
				SWIFT_OPTIMIZATION_LEVEL = "-Onone";
			};
			name = Debug;
		};
		D9A7583924B76A320093AEE3 /* Release */ = {
			isa = XCBuildConfiguration;
			buildSettings = {
				ALWAYS_SEARCH_USER_PATHS = NO;
				CLANG_ANALYZER_NONNULL = YES;
				CLANG_ANALYZER_NUMBER_OBJECT_CONVERSION = YES_AGGRESSIVE;
				CLANG_CXX_LANGUAGE_STANDARD = "gnu++14";
				CLANG_CXX_LIBRARY = "libc++";
				CLANG_ENABLE_MODULES = YES;
				CLANG_ENABLE_OBJC_ARC = YES;
				CLANG_ENABLE_OBJC_WEAK = YES;
				CLANG_WARN_BLOCK_CAPTURE_AUTORELEASING = YES;
				CLANG_WARN_BOOL_CONVERSION = YES;
				CLANG_WARN_COMMA = YES;
				CLANG_WARN_CONSTANT_CONVERSION = YES;
				CLANG_WARN_DEPRECATED_OBJC_IMPLEMENTATIONS = YES;
				CLANG_WARN_DIRECT_OBJC_ISA_USAGE = YES_ERROR;
				CLANG_WARN_DOCUMENTATION_COMMENTS = YES;
				CLANG_WARN_EMPTY_BODY = YES;
				CLANG_WARN_ENUM_CONVERSION = YES;
				CLANG_WARN_INFINITE_RECURSION = YES;
				CLANG_WARN_INT_CONVERSION = YES;
				CLANG_WARN_NON_LITERAL_NULL_CONVERSION = YES;
				CLANG_WARN_OBJC_IMPLICIT_RETAIN_SELF = YES;
				CLANG_WARN_OBJC_LITERAL_CONVERSION = YES;
				CLANG_WARN_OBJC_ROOT_CLASS = YES_ERROR;
				CLANG_WARN_RANGE_LOOP_ANALYSIS = YES;
				CLANG_WARN_STRICT_PROTOTYPES = YES;
				CLANG_WARN_SUSPICIOUS_MOVE = YES;
				CLANG_WARN_UNGUARDED_AVAILABILITY = YES_AGGRESSIVE;
				CLANG_WARN_UNREACHABLE_CODE = YES;
				CLANG_WARN__DUPLICATE_METHOD_MATCH = YES;
				CODE_SIGN_IDENTITY = "iPhone Developer";
				COPY_PHASE_STRIP = NO;
				DEBUG_INFORMATION_FORMAT = "dwarf-with-dsym";
				ENABLE_NS_ASSERTIONS = NO;
				ENABLE_STRICT_OBJC_MSGSEND = YES;
				GCC_C_LANGUAGE_STANDARD = gnu11;
				GCC_NO_COMMON_BLOCKS = YES;
				GCC_WARN_64_TO_32_BIT_CONVERSION = YES;
				GCC_WARN_ABOUT_RETURN_TYPE = YES_ERROR;
				GCC_WARN_UNDECLARED_SELECTOR = YES;
				GCC_WARN_UNINITIALIZED_AUTOS = YES_AGGRESSIVE;
				GCC_WARN_UNUSED_FUNCTION = YES;
				GCC_WARN_UNUSED_VARIABLE = YES;
				IPHONEOS_DEPLOYMENT_TARGET = 12.0;
				MTL_ENABLE_DEBUG_INFO = NO;
				MTL_FAST_MATH = YES;
				SDKROOT = iphoneos;
				SWIFT_COMPILATION_MODE = wholemodule;
				SWIFT_OPTIMIZATION_LEVEL = "-O";
				VALIDATE_PRODUCT = YES;
			};
			name = Release;
		};
		D9A7583B24B76A320093AEE3 /* Debug */ = {
			isa = XCBuildConfiguration;
			buildSettings = {
				ASSETCATALOG_COMPILER_APPICON_NAME = AppIcon;
				CODE_SIGN_STYLE = Automatic;
				INFOPLIST_FILE = tippy/Info.plist;
				LD_RUNPATH_SEARCH_PATHS = (
					"$(inherited)",
					"@executable_path/Frameworks",
				);
				PRODUCT_BUNDLE_IDENTIFIER = Codepath.tippy;
				PRODUCT_NAME = "$(TARGET_NAME)";
				SWIFT_VERSION = 4.2;
				TARGETED_DEVICE_FAMILY = "1,2";
			};
			name = Debug;
		};
		D9A7583C24B76A320093AEE3 /* Release */ = {
			isa = XCBuildConfiguration;
			buildSettings = {
				ASSETCATALOG_COMPILER_APPICON_NAME = AppIcon;
				CODE_SIGN_STYLE = Automatic;
				INFOPLIST_FILE = tippy/Info.plist;
				LD_RUNPATH_SEARCH_PATHS = (
					"$(inherited)",
					"@executable_path/Frameworks",
				);
				PRODUCT_BUNDLE_IDENTIFIER = Codepath.tippy;
				PRODUCT_NAME = "$(TARGET_NAME)";
				SWIFT_VERSION = 4.2;
				TARGETED_DEVICE_FAMILY = "1,2";
			};
			name = Release;
		};
		D9A7583E24B76A320093AEE3 /* Debug */ = {
			isa = XCBuildConfiguration;
			buildSettings = {
				ALWAYS_EMBED_SWIFT_STANDARD_LIBRARIES = YES;
				BUNDLE_LOADER = "$(TEST_HOST)";
				CODE_SIGN_STYLE = Automatic;
				INFOPLIST_FILE = tippyTests/Info.plist;
				LD_RUNPATH_SEARCH_PATHS = (
					"$(inherited)",
					"@executable_path/Frameworks",
					"@loader_path/Frameworks",
				);
				PRODUCT_BUNDLE_IDENTIFIER = Codepath.tippyTests;
				PRODUCT_NAME = "$(TARGET_NAME)";
				SWIFT_VERSION = 4.2;
				TARGETED_DEVICE_FAMILY = "1,2";
				TEST_HOST = "$(BUILT_PRODUCTS_DIR)/tippy.app/tippy";
			};
			name = Debug;
		};
		D9A7583F24B76A320093AEE3 /* Release */ = {
			isa = XCBuildConfiguration;
			buildSettings = {
				ALWAYS_EMBED_SWIFT_STANDARD_LIBRARIES = YES;
				BUNDLE_LOADER = "$(TEST_HOST)";
				CODE_SIGN_STYLE = Automatic;
				INFOPLIST_FILE = tippyTests/Info.plist;
				LD_RUNPATH_SEARCH_PATHS = (
					"$(inherited)",
					"@executable_path/Frameworks",
					"@loader_path/Frameworks",
				);
				PRODUCT_BUNDLE_IDENTIFIER = Codepath.tippyTests;
				PRODUCT_NAME = "$(TARGET_NAME)";
				SWIFT_VERSION = 4.2;
				TARGETED_DEVICE_FAMILY = "1,2";
				TEST_HOST = "$(BUILT_PRODUCTS_DIR)/tippy.app/tippy";
			};
			name = Release;
		};
		D9A7584124B76A320093AEE3 /* Debug */ = {
			isa = XCBuildConfiguration;
			buildSettings = {
				ALWAYS_EMBED_SWIFT_STANDARD_LIBRARIES = YES;
				CODE_SIGN_STYLE = Automatic;
				INFOPLIST_FILE = tippyUITests/Info.plist;
				LD_RUNPATH_SEARCH_PATHS = (
					"$(inherited)",
					"@executable_path/Frameworks",
					"@loader_path/Frameworks",
				);
				PRODUCT_BUNDLE_IDENTIFIER = Codepath.tippyUITests;
				PRODUCT_NAME = "$(TARGET_NAME)";
				SWIFT_VERSION = 4.2;
				TARGETED_DEVICE_FAMILY = "1,2";
				TEST_TARGET_NAME = tippy;
			};
			name = Debug;
		};
		D9A7584224B76A320093AEE3 /* Release */ = {
			isa = XCBuildConfiguration;
			buildSettings = {
				ALWAYS_EMBED_SWIFT_STANDARD_LIBRARIES = YES;
				CODE_SIGN_STYLE = Automatic;
				INFOPLIST_FILE = tippyUITests/Info.plist;
				LD_RUNPATH_SEARCH_PATHS = (
					"$(inherited)",
					"@executable_path/Frameworks",
					"@loader_path/Frameworks",
				);
				PRODUCT_BUNDLE_IDENTIFIER = Codepath.tippyUITests;
				PRODUCT_NAME = "$(TARGET_NAME)";
				SWIFT_VERSION = 4.2;
				TARGETED_DEVICE_FAMILY = "1,2";
				TEST_TARGET_NAME = tippy;
			};
			name = Release;
		};
/* End XCBuildConfiguration section */

/* Begin XCConfigurationList section */
		D9A7580D24B76A290093AEE3 /* Build configuration list for PBXProject "tippy" */ = {
			isa = XCConfigurationList;
			buildConfigurations = (
				D9A7583824B76A320093AEE3 /* Debug */,
				D9A7583924B76A320093AEE3 /* Release */,
			);
			defaultConfigurationIsVisible = 0;
			defaultConfigurationName = Release;
		};
		D9A7583A24B76A320093AEE3 /* Build configuration list for PBXNativeTarget "tippy" */ = {
			isa = XCConfigurationList;
			buildConfigurations = (
				D9A7583B24B76A320093AEE3 /* Debug */,
				D9A7583C24B76A320093AEE3 /* Release */,
			);
			defaultConfigurationIsVisible = 0;
			defaultConfigurationName = Release;
		};
		D9A7583D24B76A320093AEE3 /* Build configuration list for PBXNativeTarget "tippyTests" */ = {
			isa = XCConfigurationList;
			buildConfigurations = (
				D9A7583E24B76A320093AEE3 /* Debug */,
				D9A7583F24B76A320093AEE3 /* Release */,
			);
			defaultConfigurationIsVisible = 0;
			defaultConfigurationName = Release;
		};
		D9A7584024B76A320093AEE3 /* Build configuration list for PBXNativeTarget "tippyUITests" */ = {
			isa = XCConfigurationList;
			buildConfigurations = (
				D9A7584124B76A320093AEE3 /* Debug */,
				D9A7584224B76A320093AEE3 /* Release */,
			);
			defaultConfigurationIsVisible = 0;
			defaultConfigurationName = Release;
		};
/* End XCConfigurationList section */
	};
	rootObject = D9A7580A24B76A290093AEE3 /* Project object */;
}
